// !$*UTF8*$!
{
	archiveVersion = 1;
	classes = {
	};
	objectVersion = 46;
	objects = {

/* Begin PBXBuildFile section */
		A7255D101ECB21B6009986B9 /* main.c in Sources */ = {isa = PBXBuildFile; fileRef = A7255D0F1ECB21B6009986B9 /* main.c */; };
		A7D2B3432088533B0004DA67 /* MySaverView.h in Headers */ = {isa = PBXBuildFile; fileRef = A7D2B3422088533B0004DA67 /* MySaverView.h */; };
		A7D2B3452088533B0004DA67 /* MySaverView.m in Sources */ = {isa = PBXBuildFile; fileRef = A7D2B3442088533B0004DA67 /* MySaverView.m */; };
/* End PBXBuildFile section */

/* Begin PBXCopyFilesBuildPhase section */
		A7255D0A1ECB21B6009986B9 /* CopyFiles */ = {
			isa = PBXCopyFilesBuildPhase;
			buildActionMask = 2147483647;
			dstPath = /usr/share/man/man1/;
			dstSubfolderSpec = 0;
			files = (
			);
			runOnlyForDeploymentPostprocessing = 1;
		};
/* End PBXCopyFilesBuildPhase section */

/* Begin PBXFileReference section */
		A7255D0C1ECB21B6009986B9 /* retest */ = {isa = PBXFileReference; explicitFileType = "compiled.mach-o.executable"; includeInIndex = 0; path = retest; sourceTree = BUILT_PRODUCTS_DIR; };
		A7255D0F1ECB21B6009986B9 /* main.c */ = {isa = PBXFileReference; lastKnownFileType = sourcecode.c.c; path = main.c; sourceTree = "<group>"; };
		A7D2B3402088533B0004DA67 /* MySaver.saver */ = {isa = PBXFileReference; explicitFileType = wrapper.cfbundle; includeInIndex = 0; path = MySaver.saver; sourceTree = BUILT_PRODUCTS_DIR; };
		A7D2B3422088533B0004DA67 /* MySaverView.h */ = {isa = PBXFileReference; lastKnownFileType = sourcecode.c.h; path = MySaverView.h; sourceTree = "<group>"; };
		A7D2B3442088533B0004DA67 /* MySaverView.m */ = {isa = PBXFileReference; lastKnownFileType = sourcecode.c.objc; path = MySaverView.m; sourceTree = "<group>"; };
		A7D2B3462088533B0004DA67 /* Info.plist */ = {isa = PBXFileReference; lastKnownFileType = text.plist.xml; path = Info.plist; sourceTree = "<group>"; };
/* End PBXFileReference section */

/* Begin PBXFrameworksBuildPhase section */
		A7255D091ECB21B6009986B9 /* Frameworks */ = {
			isa = PBXFrameworksBuildPhase;
			buildActionMask = 2147483647;
			files = (
			);
			runOnlyForDeploymentPostprocessing = 0;
		};
		A7D2B33C2088533B0004DA67 /* Frameworks */ = {
			isa = PBXFrameworksBuildPhase;
			buildActionMask = 2147483647;
			files = (
			);
			runOnlyForDeploymentPostprocessing = 0;
		};
/* End PBXFrameworksBuildPhase section */

/* Begin PBXGroup section */
		A7255D031ECB21B6009986B9 = {
			isa = PBXGroup;
			children = (
				A7255D0E1ECB21B6009986B9 /* retest */,
				A7D2B3412088533B0004DA67 /* MySaver */,
				A7255D0D1ECB21B6009986B9 /* Products */,
			);
			sourceTree = "<group>";
		};
		A7255D0D1ECB21B6009986B9 /* Products */ = {
			isa = PBXGroup;
			children = (
				A7255D0C1ECB21B6009986B9 /* retest */,
				A7D2B3402088533B0004DA67 /* MySaver.saver */,
			);
			name = Products;
			sourceTree = "<group>";
		};
		A7255D0E1ECB21B6009986B9 /* retest */ = {
			isa = PBXGroup;
			children = (
				A7255D0F1ECB21B6009986B9 /* main.c */,
			);
			path = retest;
			sourceTree = "<group>";
		};
		A7D2B3412088533B0004DA67 /* MySaver */ = {
			isa = PBXGroup;
			children = (
				A7D2B3422088533B0004DA67 /* MySaverView.h */,
				A7D2B3442088533B0004DA67 /* MySaverView.m */,
				A7D2B3462088533B0004DA67 /* Info.plist */,
			);
			path = MySaver;
			sourceTree = "<group>";
		};
/* End PBXGroup section */

/* Begin PBXHeadersBuildPhase section */
		A7D2B33D2088533B0004DA67 /* Headers */ = {
			isa = PBXHeadersBuildPhase;
			buildActionMask = 2147483647;
			files = (
				A7D2B3432088533B0004DA67 /* MySaverView.h in Headers */,
			);
			runOnlyForDeploymentPostprocessing = 0;
		};
/* End PBXHeadersBuildPhase section */

/* Begin PBXNativeTarget section */
		A7255D0B1ECB21B6009986B9 /* retest */ = {
			isa = PBXNativeTarget;
			buildConfigurationList = A7255D131ECB21B6009986B9 /* Build configuration list for PBXNativeTarget "retest" */;
			buildPhases = (
				A7255D081ECB21B6009986B9 /* Sources */,
				A7255D091ECB21B6009986B9 /* Frameworks */,
				A7255D0A1ECB21B6009986B9 /* CopyFiles */,
			);
			buildRules = (
			);
			dependencies = (
			);
			name = retest;
			productName = retest;
			productReference = A7255D0C1ECB21B6009986B9 /* retest */;
			productType = "com.apple.product-type.tool";
		};
		A7D2B33F2088533B0004DA67 /* MySaver */ = {
			isa = PBXNativeTarget;
			buildConfigurationList = A7D2B3492088533B0004DA67 /* Build configuration list for PBXNativeTarget "MySaver" */;
			buildPhases = (
				A7D2B33B2088533B0004DA67 /* Sources */,
				A7D2B33C2088533B0004DA67 /* Frameworks */,
				A7D2B33D2088533B0004DA67 /* Headers */,
				A7D2B33E2088533B0004DA67 /* Resources */,
			);
			buildRules = (
			);
			dependencies = (
			);
			name = MySaver;
			productName = MySaver;
			productReference = A7D2B3402088533B0004DA67 /* MySaver.saver */;
			productType = "com.apple.product-type.bundle";
		};
/* End PBXNativeTarget section */

/* Begin PBXProject section */
		A7255D041ECB21B6009986B9 /* Project object */ = {
			isa = PBXProject;
			attributes = {
				LastUpgradeCheck = 0830;
				ORGANIZATIONNAME = "Tamir Natanov";
				TargetAttributes = {
					A7255D0B1ECB21B6009986B9 = {
						CreatedOnToolsVersion = 8.3.2;
						ProvisioningStyle = Automatic;
					};
					A7D2B33F2088533B0004DA67 = {
						CreatedOnToolsVersion = 9.3;
						ProvisioningStyle = Automatic;
					};
				};
			};
			buildConfigurationList = A7255D071ECB21B6009986B9 /* Build configuration list for PBXProject "retest" */;
			compatibilityVersion = "Xcode 3.2";
			developmentRegion = English;
			hasScannedForEncodings = 0;
			knownRegions = (
				en,
			);
			mainGroup = A7255D031ECB21B6009986B9;
			productRefGroup = A7255D0D1ECB21B6009986B9 /* Products */;
			projectDirPath = "";
			projectRoot = "";
			targets = (
				A7255D0B1ECB21B6009986B9 /* retest */,
				A7D2B33F2088533B0004DA67 /* MySaver */,
			);
		};
/* End PBXProject section */

/* Begin PBXResourcesBuildPhase section */
		A7D2B33E2088533B0004DA67 /* Resources */ = {
			isa = PBXResourcesBuildPhase;
			buildActionMask = 2147483647;
			files = (
			);
			runOnlyForDeploymentPostprocessing = 0;
		};
/* End PBXResourcesBuildPhase section */

/* Begin PBXSourcesBuildPhase section */
		A7255D081ECB21B6009986B9 /* Sources */ = {
			isa = PBXSourcesBuildPhase;
			buildActionMask = 2147483647;
			files = (
				A7255D101ECB21B6009986B9 /* main.c in Sources */,
			);
			runOnlyForDeploymentPostprocessing = 0;
		};
		A7D2B33B2088533B0004DA67 /* Sources */ = {
			isa = PBXSourcesBuildPhase;
			buildActionMask = 2147483647;
			files = (
				A7D2B3452088533B0004DA67 /* MySaverView.m in Sources */,
			);
			runOnlyForDeploymentPostprocessing = 0;
		};
/* End PBXSourcesBuildPhase section */

/* Begin XCBuildConfiguration section */
		A7255D111ECB21B6009986B9 /* Debug */ = {
			isa = XCBuildConfiguration;
			buildSettings = {
				ALWAYS_SEARCH_USER_PATHS = NO;
				CLANG_ANALYZER_NONNULL = YES;
				CLANG_ANALYZER_NUMBER_OBJECT_CONVERSION = YES_AGGRESSIVE;
				CLANG_CXX_LANGUAGE_STANDARD = "gnu++0x";
				CLANG_CXX_LIBRARY = "libc++";
				CLANG_ENABLE_MODULES = YES;
				CLANG_ENABLE_OBJC_ARC = YES;
				CLANG_WARN_BOOL_CONVERSION = YES;
				CLANG_WARN_CONSTANT_CONVERSION = YES;
				CLANG_WARN_DIRECT_OBJC_ISA_USAGE = YES_ERROR;
				CLANG_WARN_DOCUMENTATION_COMMENTS = YES;
				CLANG_WARN_EMPTY_BODY = YES;
				CLANG_WARN_ENUM_CONVERSION = YES;
				CLANG_WARN_INFINITE_RECURSION = YES;
				CLANG_WARN_INT_CONVERSION = YES;
				CLANG_WARN_OBJC_ROOT_CLASS = YES_ERROR;
				CLANG_WARN_SUSPICIOUS_MOVE = YES;
				CLANG_WARN_UNREACHABLE_CODE = YES;
				CLANG_WARN__DUPLICATE_METHOD_MATCH = YES;
				CODE_SIGN_IDENTITY = "-";
				COPY_PHASE_STRIP = NO;
				DEBUG_INFORMATION_FORMAT = dwarf;
				ENABLE_STRICT_OBJC_MSGSEND = YES;
				ENABLE_TESTABILITY = YES;
				GCC_C_LANGUAGE_STANDARD = gnu99;
				GCC_DYNAMIC_NO_PIC = NO;
				GCC_NO_COMMON_BLOCKS = YES;
				GCC_OPTIMIZATION_LEVEL = 0;
				GCC_PREPROCESSOR_DEFINITIONS = (
					"DEBUG=1",
					"$(inherited)",
				);
				GCC_WARN_64_TO_32_BIT_CONVERSION = YES;
				GCC_WARN_ABOUT_RETURN_TYPE = YES_ERROR;
				GCC_WARN_UNDECLARED_SELECTOR = YES;
				GCC_WARN_UNINITIALIZED_AUTOS = YES_AGGRESSIVE;
				GCC_WARN_UNUSED_FUNCTION = YES;
				GCC_WARN_UNUSED_VARIABLE = YES;
				MACOSX_DEPLOYMENT_TARGET = 10.12;
				MTL_ENABLE_DEBUG_INFO = YES;
				ONLY_ACTIVE_ARCH = YES;
				SDKROOT = macosx;
			};
			name = Debug;
		};
		A7255D121ECB21B6009986B9 /* Release */ = {
			isa = XCBuildConfiguration;
			buildSettings = {
				ALWAYS_SEARCH_USER_PATHS = NO;
				CLANG_ANALYZER_NONNULL = YES;
				CLANG_ANALYZER_NUMBER_OBJECT_CONVERSION = YES_AGGRESSIVE;
				CLANG_CXX_LANGUAGE_STANDARD = "gnu++0x";
				CLANG_CXX_LIBRARY = "libc++";
				CLANG_ENABLE_MODULES = YES;
				CLANG_ENABLE_OBJC_ARC = YES;
				CLANG_WARN_BOOL_CONVERSION = YES;
				CLANG_WARN_CONSTANT_CONVERSION = YES;
				CLANG_WARN_DIRECT_OBJC_ISA_USAGE = YES_ERROR;
				CLANG_WARN_DOCUMENTATION_COMMENTS = YES;
				CLANG_WARN_EMPTY_BODY = YES;
				CLANG_WARN_ENUM_CONVERSION = YES;
				CLANG_WARN_INFINITE_RECURSION = YES;
				CLANG_WARN_INT_CONVERSION = YES;
				CLANG_WARN_OBJC_ROOT_CLASS = YES_ERROR;
				CLANG_WARN_SUSPICIOUS_MOVE = YES;
				CLANG_WARN_UNREACHABLE_CODE = YES;
				CLANG_WARN__DUPLICATE_METHOD_MATCH = YES;
				CODE_SIGN_IDENTITY = "-";
				COPY_PHASE_STRIP = NO;
				DEBUG_INFORMATION_FORMAT = "dwarf-with-dsym";
				ENABLE_NS_ASSERTIONS = NO;
				ENABLE_STRICT_OBJC_MSGSEND = YES;
				GCC_C_LANGUAGE_STANDARD = gnu99;
				GCC_NO_COMMON_BLOCKS = YES;
				GCC_WARN_64_TO_32_BIT_CONVERSION = YES;
				GCC_WARN_ABOUT_RETURN_TYPE = YES_ERROR;
				GCC_WARN_UNDECLARED_SELECTOR = YES;
				GCC_WARN_UNINITIALIZED_AUTOS = YES_AGGRESSIVE;
				GCC_WARN_UNUSED_FUNCTION = YES;
				GCC_WARN_UNUSED_VARIABLE = YES;
				MACOSX_DEPLOYMENT_TARGET = 10.12;
				MTL_ENABLE_DEBUG_INFO = NO;
				SDKROOT = macosx;
			};
			name = Release;
		};
		A7255D141ECB21B6009986B9 /* Debug */ = {
			isa = XCBuildConfiguration;
			buildSettings = {
				PRODUCT_NAME = "$(TARGET_NAME)";
			};
			name = Debug;
		};
		A7255D151ECB21B6009986B9 /* Release */ = {
			isa = XCBuildConfiguration;
			buildSettings = {
				PRODUCT_NAME = "$(TARGET_NAME)";
			};
			name = Release;
		};
		A7D2B3472088533B0004DA67 /* Debug */ = {
			isa = XCBuildConfiguration;
			buildSettings = {
				CLANG_CXX_LANGUAGE_STANDARD = "gnu++14";
				CLANG_ENABLE_OBJC_WEAK = YES;
				CLANG_WARN_BLOCK_CAPTURE_AUTORELEASING = YES;
				CLANG_WARN_COMMA = YES;
				CLANG_WARN_DEPRECATED_OBJC_IMPLEMENTATIONS = YES;
				CLANG_WARN_NON_LITERAL_NULL_CONVERSION = YES;
				CLANG_WARN_OBJC_IMPLICIT_RETAIN_SELF = YES;
				CLANG_WARN_OBJC_LITERAL_CONVERSION = YES;
				CLANG_WARN_RANGE_LOOP_ANALYSIS = YES;
				CLANG_WARN_STRICT_PROTOTYPES = YES;
				CLANG_WARN_UNGUARDED_AVAILABILITY = YES_AGGRESSIVE;
				CODE_SIGN_STYLE = Automatic;
				COMBINE_HIDPI_IMAGES = YES;
				GCC_C_LANGUAGE_STANDARD = gnu11;
				INFOPLIST_FILE = MySaver/Info.plist;
				INSTALL_PATH = "$(HOME)/Library/Screen Savers";
				MACOSX_DEPLOYMENT_TARGET = 10.13;
				PRODUCT_BUNDLE_IDENTIFIER = MyComp.MySaver;
				PRODUCT_NAME = "$(TARGET_NAME)";
				WRAPPER_EXTENSION = saver;
			};
			name = Debug;
		};
		A7D2B3482088533B0004DA67 /* Release */ = {
			isa = XCBuildConfiguration;
			buildSettings = {
				CLANG_CXX_LANGUAGE_STANDARD = "gnu++14";
				CLANG_ENABLE_OBJC_WEAK = YES;
				CLANG_WARN_BLOCK_CAPTURE_AUTORELEASING = YES;
				CLANG_WARN_COMMA = YES;
				CLANG_WARN_DEPRECATED_OBJC_IMPLEMENTATIONS = YES;
				CLANG_WARN_NON_LITERAL_NULL_CONVERSION = YES;
				CLANG_WARN_OBJC_IMPLICIT_RETAIN_SELF = YES;
				CLANG_WARN_OBJC_LITERAL_CONVERSION = YES;
				CLANG_WARN_RANGE_LOOP_ANALYSIS = YES;
				CLANG_WARN_STRICT_PROTOTYPES = YES;
				CLANG_WARN_UNGUARDED_AVAILABILITY = YES_AGGRESSIVE;
				CODE_SIGN_STYLE = Automatic;
				COMBINE_HIDPI_IMAGES = YES;
				GCC_C_LANGUAGE_STANDARD = gnu11;
				INFOPLIST_FILE = MySaver/Info.plist;
				INSTALL_PATH = "$(HOME)/Library/Screen Savers";
				MACOSX_DEPLOYMENT_TARGET = 10.13;
				PRODUCT_BUNDLE_IDENTIFIER = MyComp.MySaver;
				PRODUCT_NAME = "$(TARGET_NAME)";
				WRAPPER_EXTENSION = saver;
			};
			name = Release;
		};
/* End XCBuildConfiguration section */

/* Begin XCConfigurationList section */
		A7255D071ECB21B6009986B9 /* Build configuration list for PBXProject "retest" */ = {
			isa = XCConfigurationList;
			buildConfigurations = (
				A7255D111ECB21B6009986B9 /* Debug */,
				A7255D121ECB21B6009986B9 /* Release */,
			);
			defaultConfigurationIsVisible = 0;
			defaultConfigurationName = Release;
		};
		A7255D131ECB21B6009986B9 /* Build configuration list for PBXNativeTarget "retest" */ = {
			isa = XCConfigurationList;
			buildConfigurations = (
				A7255D141ECB21B6009986B9 /* Debug */,
				A7255D151ECB21B6009986B9 /* Release */,
			);
			defaultConfigurationIsVisible = 0;
			defaultConfigurationName = Release;
		};
		A7D2B3492088533B0004DA67 /* Build configuration list for PBXNativeTarget "MySaver" */ = {
			isa = XCConfigurationList;
			buildConfigurations = (
				A7D2B3472088533B0004DA67 /* Debug */,
				A7D2B3482088533B0004DA67 /* Release */,
			);
			defaultConfigurationIsVisible = 0;
			defaultConfigurationName = Release;
		};
/* End XCConfigurationList section */
	};
	rootObject = A7255D041ECB21B6009986B9 /* Project object */;
}
